
Microsoft Visual Studio Solution File, Format Version 12.00
# Visual Studio Version 18
VisualStudioVersion = 18.0.11222.15
MinimumVisualStudioVersion = 10.0.40219.1
Project("{FAE04EC0-301F-11D3-BF4B-00C04F79EFBC}") = "ImageFinder.Console", "ImageFinder.console\ImageFinder.Console.csproj", "{A68033EA-3915-176E-EE92-2B1434EE17B5}"
EndProject
Project("{FAE04EC0-301F-11D3-BF4B-00C04F79EFBC}") = "ImageFinder.domain", "ImageFinder.domain\ImageFinder.domain.csproj", "{070B0282-A242-4C26-904D-D2561EE09166}"
EndProject
Project("{FAE04EC0-301F-11D3-BF4B-00C04F79EFBC}") = "ImageFinder.application", "ImageFinder.application\ImageFinder.application.csproj", "{984F0EFE-8F4C-4D01-BDB4-D20972918548}"
EndProject
Project("{FAE04EC0-301F-11D3-BF4B-00C04F79EFBC}") = "ImageFinder.mau", "ImageFinder.mau\ImageFinder.mau.csproj", "{5E927E4D-07FE-4DFF-97B1-ADE67B4E3D3C}"
EndProject
Global
	GlobalSection(SolutionConfigurationPlatforms) = preSolution
		Debug|Any CPU = Debug|Any CPU
		Release|Any CPU = Release|Any CPU
	EndGlobalSection
	GlobalSection(ProjectConfigurationPlatforms) = postSolution
		{A68033EA-3915-176E-EE92-2B1434EE17B5}.Debug|Any CPU.ActiveCfg = Debug|Any CPU
		{A68033EA-3915-176E-EE92-2B1434EE17B5}.Debug|Any CPU.Build.0 = Debug|Any CPU
		{A68033EA-3915-176E-EE92-2B1434EE17B5}.Release|Any CPU.ActiveCfg = Release|Any CPU
		{A68033EA-3915-176E-EE92-2B1434EE17B5}.Release|Any CPU.Build.0 = Release|Any CPU
		{070B0282-A242-4C26-904D-D2561EE09166}.Debug|Any CPU.ActiveCfg = Debug|Any CPU
		{070B0282-A242-4C26-904D-D2561EE09166}.Debug|Any CPU.Build.0 = Debug|Any CPU
		{070B0282-A242-4C26-904D-D2561EE09166}.Release|Any CPU.ActiveCfg = Release|Any CPU
		{070B0282-A242-4C26-904D-D2561EE09166}.Release|Any CPU.Build.0 = Release|Any CPU
		{984F0EFE-8F4C-4D01-BDB4-D20972918548}.Debug|Any CPU.ActiveCfg = Debug|Any CPU
		{984F0EFE-8F4C-4D01-BDB4-D20972918548}.Debug|Any CPU.Build.0 = Debug|Any CPU
		{984F0EFE-8F4C-4D01-BDB4-D20972918548}.Release|Any CPU.ActiveCfg = Release|Any CPU
		{984F0EFE-8F4C-4D01-BDB4-D20972918548}.Release|Any CPU.Build.0 = Release|Any CPU
		{5E927E4D-07FE-4DFF-97B1-ADE67B4E3D3C}.Debug|Any CPU.ActiveCfg = Debug|Any CPU
		{5E927E4D-07FE-4DFF-97B1-ADE67B4E3D3C}.Debug|Any CPU.Build.0 = Debug|Any CPU
		{5E927E4D-07FE-4DFF-97B1-ADE67B4E3D3C}.Debug|Any CPU.Deploy.0 = Debug|Any CPU
		{5E927E4D-07FE-4DFF-97B1-ADE67B4E3D3C}.Release|Any CPU.ActiveCfg = Release|Any CPU
		{5E927E4D-07FE-4DFF-97B1-ADE67B4E3D3C}.Release|Any CPU.Build.0 = Release|Any CPU
	EndGlobalSection
	GlobalSection(SolutionProperties) = preSolution
		HideSolutionNode = FALSE
	EndGlobalSection
	GlobalSection(ExtensibilityGlobals) = postSolution
		SolutionGuid = {0BA3AF1F-AAA6-432D-B15B-DA63140A5F14}
	EndGlobalSection
EndGlobal
